
Microsoft Visual Studio Solution File, Format Version 12.00
Project("{FAE04EC0-301F-11D3-BF4B-00C04F79EFBC}") = "car-wash-backend", "car-wash-backend\car-wash-backend.csproj", "{58CC2B8D-82EF-42C2-8BEC-F1E98DD675BB}"
EndProject
Global
	GlobalSection(SolutionConfigurationPlatforms) = preSolution
		Debug|Any CPU = Debug|Any CPU
		Release|Any CPU = Release|Any CPU
	EndGlobalSection
	GlobalSection(ProjectConfigurationPlatforms) = postSolution
		{58CC2B8D-82EF-42C2-8BEC-F1E98DD675BB}.Debug|Any CPU.ActiveCfg = Debug|Any CPU
		{58CC2B8D-82EF-42C2-8BEC-F1E98DD675BB}.Debug|Any CPU.Build.0 = Debug|Any CPU
		{58CC2B8D-82EF-42C2-8BEC-F1E98DD675BB}.Release|Any CPU.ActiveCfg = Release|Any CPU
		{58CC2B8D-82EF-42C2-8BEC-F1E98DD675BB}.Release|Any CPU.Build.0 = Release|Any CPU
	EndGlobalSection
EndGlobal
